PODS:
  - Alamofire (3.2.1)
  - CocoaLumberjack/Core (2.2.0)
  - CocoaLumberjack/Default (2.2.0):
    - CocoaLumberjack/Core
  - CocoaLumberjack/Extensions (2.2.0):
    - CocoaLumberjack/Default
  - CocoaLumberjack/Swift (2.2.0):
    - CocoaLumberjack/Extensions
  - OHHTTPStubs (4.7.1):
    - OHHTTPStubs/Default (= 4.7.1)
  - OHHTTPStubs/Core (4.7.1)
  - OHHTTPStubs/Default (4.7.1):
    - OHHTTPStubs/Core
    - OHHTTPStubs/JSON
    - OHHTTPStubs/NSURLSession
    - OHHTTPStubs/OHPathHelpers
  - OHHTTPStubs/JSON (4.7.1):
    - OHHTTPStubs/Core
  - OHHTTPStubs/NSURLSession (4.7.1):
    - OHHTTPStubs/Core
  - OHHTTPStubs/OHPathHelpers (4.7.1)
  - OHHTTPStubs/Swift (4.7.1):
    - OHHTTPStubs/Core
  - SDWebImage (3.7.5):
    - SDWebImage/Core (= 3.7.5)
  - SDWebImage/Core (3.7.5)
  - SwiftDate (3.0.6)
  - SwiftyJSON (2.3.2)

DEPENDENCIES:
  - Alamofire
  - CocoaLumberjack/Swift
  - OHHTTPStubs
  - OHHTTPStubs/Swift
  - SDWebImage
  - SwiftDate
  - SwiftyJSON

SPEC CHECKSUMS:
  Alamofire: f11d8624a05f5d39e0c99309b3e600a3ba64298a
  CocoaLumberjack: 17fe8581f84914d5d7e6360f7c70022b173c3ae0
  OHHTTPStubs: f7d1604d04d37d055460c0ef9af01bb249ded0fa
  SDWebImage: 69c6303e3348fba97e03f65d65d4fbc26740f461
  SwiftDate: 520c0e7de224c881fe4213caeca72d482ed3d45f
  SwiftyJSON: 04ccea08915aa0109039157c7974cf0298da292a

COCOAPODS: 0.39.0
